github.com/DATA-DOG/go-sqlmock v1.5.0 h1:Shsta01QNfFxHCfpW6YH2STWB0MudeXXEWMr20OEh60=
github.com/DATA-DOG/go-sqlmock v1.5.0/go.mod h1:f/Ixk793poVmq4qj/V1dPUg2JEAKC73Q5eFN3EC/SaM=
github.com/LinkinStars/go-scaffold/contrib/cryptor v0.0.0-20230424115609-45e6cc8132ad h1:ls9vgeF4TcCcl2+/lPoVRGVPl7cySezxtucbT2niBiQ=
github.com/LinkinStars/go-scaffold/contrib/cryptor v0.0.0-20230424115609-45e6cc8132ad/go.mod h1:0k8oOoaBQf9nD8TVMV47FY2r5Rf1K+7HPT5eBAYvWkE=
github.com/go-sql-driver/mysql v1.6.0/go.mod h1:DCzpHaOWr8IXmIStZouvnhqoel9Qv2LBy8hT2VhHyBg=
github.com/go-sql-driver/mysql v1.7.0 h1:ueSltNNllEqE3qcWBTD0iQd3IpL/6U+mJxLkazJ7YPc=
github.com/go-sql-driver/mysql v1.7.0/go.mod h1:OXbVy3sEdcQ2Doequ6Z5BW6fXNQTmx+9S1MCJN5yJMI=
github.com/golang-sql/civil v0.0.0-20220223132316-b832511892a9 h1:au07oEsX2xN0ktxqI+Sida1w446QrXBRJ0nee3SNZlA=
github.com/golang-sql/sqlexp v0.1.0 h1:ZCD6MBpcuOVfGVqsEmY5/4FtYiKz6tSyUv9LPEDei6A=
github.com/jackc/chunkreader/v2 v2.0.1 h1:i+RDz65UE+mmpjTfyz0MoVTnzeYxroil2G82ki7MGG8=
github.com/jackc/pgconn v1.13.0 h1:3L1XMNV2Zvca/8BYhzcRFS70Lr0WlDg16Di6SFGAbys=
github.com/jackc/pgio v1.0.0 h1:g12B9UwVnzGhueNavwioyEEpAmqMe1E/BN9ES+8ovkE=
github.com/jackc/pgpassfile v1.0.0 h1:/6Hmqy13Ss2zCq62VdNG8tM1wchn8zjSGOBJ6icpsIM=
github.com/jackc/pgproto3/v2 v2.3.1 h1:nwj7qwf0S+Q7ISFfBndqeLwSwxs+4DPsbRFjECT1Y4Y=
github.com/jackc/pgservicefile v0.0.0-20200714003250-2b9c44734f2b h1:C8S2+VttkHFdOOCXJe+YGfa4vHYwlt4Zx+IVXQ97jYg=
github.com/jackc/pgtype v1.12.0 h1:Dlq8Qvcch7kiehm8wPGIW0W3KsCCHJnRacKW0UM8n5w=
github.com/jackc/pgx/v4 v4.17.2 h1:0Ut0rpeKwvIVbMQ1KbMBU4h6wxehBI535LK6Flheh8E=
github.com/jinzhu/inflection v1.0.0 h1:K317FqzuhWc8YvSVlFMCCUb36O/S9MCKRDI7QkRKD/E=
github.com/jinzhu/inflection v1.0.0/go.mod h1:h+uFLlag+Qp1Va5pdKtLDYj+kHp5pxUVkryuEj+Srlc=
github.com/jinzhu/now v1.1.1/go.mod h1:d3SSVoowX0Lcu0IBviAWJpolVfI5UJVZZ7cO71lE/z8=
github.com/jinzhu/now v1.1.4/go.mod h1:d3SSVoowX0Lcu0IBviAWJpolVfI5UJVZZ7cO71lE/z8=
github.com/jinzhu/now v1.1.5 h1:/o9tlHleP7gOFmsnYNz3RGnqzefHA47wQpKrrdTIwXQ=
github.com/jinzhu/now v1.1.5/go.mod h1:d3SSVoowX0Lcu0IBviAWJpolVfI5UJVZZ7cO71lE/z8=
github.com/mattn/go-sqlite3 v1.14.3/go.mod h1:WVKg1VTActs4Qso6iwGbiFih2UIHo0ENGwNd0Lj+XmI=
github.com/mattn/go-sqlite3 v1.14.15 h1:vfoHhTN1af61xCRSWzFIWzx2YskyMTwHLrExkBOjvxI=
github.com/mattn/go-sqlite3 v1.14.15/go.mod h1:2eHXhiwb8IkHr+BDWZGa96P6+rkvnG63S2DGjv9HUNg=
github.com/microsoft/go-mssqldb v0.17.0 h1:Fto83dMZPnYv1Zwx5vHHxpNraeEaUlQ/hhHLgZiaenE=
golang.org/x/crypto v0.0.0-20221005025214-4161e89ecf1b h1:huxqepDufQpLLIRXiVkTvnxrzJlpwmIWAObmcCcUFr0=
golang.org/x/mod v0.6.0-dev.0.20220419223038-86c51ed26bb4 h1:6zppjxzCulZykYSLyVDYbneBfbaBIQPYMevg0bEwv2s=
golang.org/x/mod v0.6.0-dev.0.20220419223038-86c51ed26bb4/go.mod h1:jJ57K6gSWd91VN4djpZkiMVwK6gcyfeH4XE8wZrZaV4=
golang.org/x/sys v0.0.0-20221006211917-84dc82d7e875 h1:AzgQNqF+FKwyQ5LbVrVqOcuuFB67N47F9+htZYH0wFM=
golang.org/x/sys v0.0.0-20221006211917-84dc82d7e875/go.mod h1:oPkhp1MJrh7nUepCBck5+mAzfO9JrbApNNgaTdGDITg=
golang.org/x/text v0.3.7 h1:olpwvP2KacW1ZWvsR7uQhoyTYvKAupfQrRGBFM352Gk=
golang.org/x/tools v0.1.12 h1:VveCTK38A2rkS8ZqFY25HIDFscX5X9OoEhJd3quQmXU=
golang.org/x/tools v0.1.12/go.mod h1:hNGJHUnrk76NpqgfD5Aqm5Crs+Hm0VOH/i9J2+nxYbc=
gorm.io/datatypes v1.1.1 h1:XAjO7NNfUKVUvnS3+BkqMrPXxCAcxDlpOYbjnizxNCw=
gorm.io/datatypes v1.1.1/go.mod h1:u8GEgFjJ+GpsGfgHmBUcQqHm/937t3sj/SO9dvbndTg=
gorm.io/driver/mysql v1.4.3/go.mod h1:sSIebwZAVPiT+27jK9HIwvsqOGKx3YMPmrA3mBJR10c=
gorm.io/driver/mysql v1.4.7 h1:rY46lkCspzGHn7+IYsNpSfEv9tA+SU4SkkB+GFX125Y=
gorm.io/driver/mysql v1.4.7/go.mod h1:SxzItlnT1cb6e1e4ZRpgJN2VYtcqJgqnHxWr4wsP8oc=
gorm.io/driver/postgres v1.4.5 h1:mTeXTTtHAgnS9PgmhN2YeUbazYpLhUI1doLnw42XUZc=
gorm.io/driver/sqlite v1.1.3/go.mod h1:AKDgRWk8lcSQSw+9kxCJnX/yySj8G3rdwYlU57cB45c=
gorm.io/driver/sqlite v1.4.2/go.mod h1:0Aq3iPO+v9ZKbcdiz8gLWRw5VOPcBOPUQJFLq5e2ecI=
gorm.io/driver/sqlite v1.4.3 h1:HBBcZSDnWi5BW3B3rwvVTc510KGkBkexlOg0QrmLUuU=
gorm.io/driver/sqlserver v1.4.1 h1:t4r4r6Jam5E6ejqP7N82qAJIJAht27EGT41HyPfXRw0=
gorm.io/gen v0.3.21 h1:t8329wT4tW1ZZWOm7vn4LV6OIrz8a5zCg+p78ezt+rA=
gorm.io/gen v0.3.21/go.mod h1:aWgvoKdG9f8Des4TegSa0N5a+gwhGsFo0JJMaLwokvk=
gorm.io/gorm v1.20.1/go.mod h1:0HFTzE/SqkGTzK6TlDPPQbAYCluiVvhzoA1+aVyzenw=
gorm.io/gorm v1.23.0/go.mod h1:l2lP/RyAtc1ynaTjFksBde/O8v9oOGIApu2/xRitmZk=
gorm.io/gorm v1.23.8/go.mod h1:l2lP/RyAtc1ynaTjFksBde/O8v9oOGIApu2/xRitmZk=
gorm.io/gorm v1.24.0/go.mod h1:DVrVomtaYTbqs7gB/x2uVvqnXzv0nqjB396B8cG4dBA=
gorm.io/gorm v1.24.3/go.mod h1:DVrVomtaYTbqs7gB/x2uVvqnXzv0nqjB396B8cG4dBA=
gorm.io/gorm v1.24.6 h1:wy98aq9oFEetsc4CAbKD2SoBCdMzsbSIvSUUFJuHi5s=
gorm.io/gorm v1.24.6/go.mod h1:L4uxeKpfBml98NYqVqwAdmV1a2nBtAec/cf3fpucW/k=
gorm.io/hints v1.1.1 h1:NPampLxQujY+277452rt4yqtg6JmzNZ1jA2olk0eFXw=
gorm.io/hints v1.1.1/go.mod h1:zdwzfFqvBWGbpuKiAhLFOSGSpeD3/VsRgkXR9Y7Z3cs=
gorm.io/plugin/dbresolver v1.4.1 h1:Ug4LcoPhrvqq71UhxtF346f+skTYoCa/nEsdjvHwEzk=
gorm.io/plugin/dbresolver v1.4.1/go.mod h1:CTbCtMWhsjXSiJqiW2R8POvJ2cq18RVOl4WGyT5nhNc=
gorm.io/plugin/soft_delete v1.2.1 h1:qx9D/c4Xu6w5KT8LviX8DgLcB9hkKl6JC9f44Tj7cGU=
gorm.io/plugin/soft_delete v1.2.1/go.mod h1:Zv7vQctOJTGOsJ/bWgrN1n3od0GBAZgnLjEx+cApLGk=
